<?xml version="1.0" encoding="utf-8"?>
<Project ToolsVersion="4.0" xmlns="http://schemas.microsoft.com/developer/msbuild/2003">
  <ItemGroup>
    <ClInclude Include="HelloJNI.h" />
    <ClInclude Include="coreclrhost.h" />
    <ClInclude Include="corerun.h" />
    <ClInclude Include="coreruncommon.h" />
  </ItemGroup>
  <ItemGroup>
    <None Include="HelloJNI.java" />
    <None Include="HelloCSharp.csproj" />
    <None Include="HelloWorld.cs" />
  </ItemGroup>
  <ItemGroup>
    <ClCompile Include="corerun.cpp" />
    <ClCompile Include="coreruncommon.cpp" />
    <ClCompile Include="helloJNI.cpp" />
  </ItemGroup>
</Project>